Microsoft Visual Studio Solution File, Format Version 12.00
# Visual Studio Version 17
VisualStudioVersion = 17.0.31611.283
MinimumVisualStudioVersion = 10.0.40219.1
Project("{9A19103F-16F7-4668-BE54-9A1E7A4F7556}") = "SongsCompressor.Common", "SongsCompressor.Common\SongsCompressor.Common.csproj", "{3E1FB342-41F2-4142-AAAA-DE2DE7BFD653}"
EndProject
Project("{2150E333-8FDC-42A3-9474-1A3956D46DE8}") = "Engines", "Engines", "{C8ADBD4D-972F-4F29-A4A6-4F440530D64E}"
EndProject
Project("{9A19103F-16F7-4668-BE54-9A1E7A4F7556}") = "SongsCompressor.MainManager", "SongsCompressor.MainManager\SongsCompressor.MainManager.csproj", "{67355659-1525-43D5-9FBC-5516A3A5D5CF}"
EndProject
Project("{9A19103F-16F7-4668-BE54-9A1E7A4F7556}") = "Engine.AudioToOpusConverter", "Engines\Engine.AudioToOpusConverter\Engine.AudioToOpusConverter.csproj", "{A5D2DC2E-FA4C-4F58-A5F9-3FE33335D16D}"
EndProject
Project("{9A19103F-16F7-4668-BE54-9A1E7A4F7556}") = "Engine.ImagePngToJpgConverter", "Engines\Engine.ImagePngToJpgConverter\Engine.ImagePngToJpgConverter.csproj", "{72E4AA34-CDE6-48CE-A802-9175CC066DEE}"
EndProject
Project("{9A19103F-16F7-4668-BE54-9A1E7A4F7556}") = "Engine.FFmpegProvider", "Engines\Engine.FFmpegProvider\Engine.FFmpegProvider.csproj", "{CC222B65-296E-4AC4-B94F-4DF26C69C180}"
EndProject
Project("{9A19103F-16F7-4668-BE54-9A1E7A4F7556}") = "SongsCompressor.Services", "SongsCompressor.Services\SongsCompressor.Services.csproj", "{E7F00390-5070-4F4E-B00A-265457A90744}"
EndProject
Project("{9A19103F-16F7-4668-BE54-9A1E7A4F7556}") = "SongsCompressor.WPF", "SongsCompressor.WPF\SongsCompressor.WPF.csproj", "{D76941BE-50F3-41E9-A80F-C84CE11512FA}"
EndProject
Project("{2150E333-8FDC-42A3-9474-1A3956D46DE8}") = "Tests", "Tests", "{0451417E-73A2-4D5C-81BF-4D0E213D60A7}"
EndProject
Project("{FAE04EC0-301F-11D3-BF4B-00C04F79EFBC}") = "SongsCompressor.MainManager.Tests", "..\tests\SongsCompressor.MainManager.Tests\SongsCompressor.MainManager.Tests.csproj", "{5250404B-4C40-4D81-82A0-5DCDD9ABFEB3}"
EndProject
Global
	GlobalSection(SolutionConfigurationPlatforms) = preSolution
		Debug|Any CPU = Debug|Any CPU
		Debug|x64 = Debug|x64
		Release|Any CPU = Release|Any CPU
		Release|x64 = Release|x64
	EndGlobalSection
	GlobalSection(ProjectConfigurationPlatforms) = postSolution
		{3E1FB342-41F2-4142-AAAA-DE2DE7BFD653}.Debug|Any CPU.ActiveCfg = Debug|Any CPU
		{3E1FB342-41F2-4142-AAAA-DE2DE7BFD653}.Debug|Any CPU.Build.0 = Debug|Any CPU
		{3E1FB342-41F2-4142-AAAA-DE2DE7BFD653}.Debug|x64.ActiveCfg = Debug|Any CPU
		{3E1FB342-41F2-4142-AAAA-DE2DE7BFD653}.Debug|x64.Build.0 = Debug|Any CPU
		{3E1FB342-41F2-4142-AAAA-DE2DE7BFD653}.Release|Any CPU.ActiveCfg = Release|Any CPU
		{3E1FB342-41F2-4142-AAAA-DE2DE7BFD653}.Release|Any CPU.Build.0 = Release|Any CPU
		{3E1FB342-41F2-4142-AAAA-DE2DE7BFD653}.Release|x64.ActiveCfg = Release|Any CPU
		{3E1FB342-41F2-4142-AAAA-DE2DE7BFD653}.Release|x64.Build.0 = Release|Any CPU
		{67355659-1525-43D5-9FBC-5516A3A5D5CF}.Debug|Any CPU.ActiveCfg = Debug|Any CPU
		{67355659-1525-43D5-9FBC-5516A3A5D5CF}.Debug|Any CPU.Build.0 = Debug|Any CPU
		{67355659-1525-43D5-9FBC-5516A3A5D5CF}.Debug|x64.ActiveCfg = Debug|Any CPU
		{67355659-1525-43D5-9FBC-5516A3A5D5CF}.Debug|x64.Build.0 = Debug|Any CPU
		{67355659-1525-43D5-9FBC-5516A3A5D5CF}.Release|Any CPU.ActiveCfg = Release|Any CPU
		{67355659-1525-43D5-9FBC-5516A3A5D5CF}.Release|Any CPU.Build.0 = Release|Any CPU
		{67355659-1525-43D5-9FBC-5516A3A5D5CF}.Release|x64.ActiveCfg = Release|Any CPU
		{67355659-1525-43D5-9FBC-5516A3A5D5CF}.Release|x64.Build.0 = Release|Any CPU
		{A5D2DC2E-FA4C-4F58-A5F9-3FE33335D16D}.Debug|Any CPU.ActiveCfg = Debug|Any CPU
		{A5D2DC2E-FA4C-4F58-A5F9-3FE33335D16D}.Debug|Any CPU.Build.0 = Debug|Any CPU
		{A5D2DC2E-FA4C-4F58-A5F9-3FE33335D16D}.Debug|x64.ActiveCfg = Debug|x64
		{A5D2DC2E-FA4C-4F58-A5F9-3FE33335D16D}.Debug|x64.Build.0 = Debug|x64
		{A5D2DC2E-FA4C-4F58-A5F9-3FE33335D16D}.Release|Any CPU.ActiveCfg = Release|Any CPU
		{A5D2DC2E-FA4C-4F58-A5F9-3FE33335D16D}.Release|Any CPU.Build.0 = Release|Any CPU
		{A5D2DC2E-FA4C-4F58-A5F9-3FE33335D16D}.Release|x64.ActiveCfg = Release|x64
		{A5D2DC2E-FA4C-4F58-A5F9-3FE33335D16D}.Release|x64.Build.0 = Release|x64
		{72E4AA34-CDE6-48CE-A802-9175CC066DEE}.Debug|Any CPU.ActiveCfg = Debug|Any CPU
		{72E4AA34-CDE6-48CE-A802-9175CC066DEE}.Debug|Any CPU.Build.0 = Debug|Any CPU
		{72E4AA34-CDE6-48CE-A802-9175CC066DEE}.Debug|x64.ActiveCfg = Debug|Any CPU
		{72E4AA34-CDE6-48CE-A802-9175CC066DEE}.Debug|x64.Build.0 = Debug|Any CPU
		{72E4AA34-CDE6-48CE-A802-9175CC066DEE}.Release|Any CPU.ActiveCfg = Release|Any CPU
		{72E4AA34-CDE6-48CE-A802-9175CC066DEE}.Release|Any CPU.Build.0 = Release|Any CPU
		{72E4AA34-CDE6-48CE-A802-9175CC066DEE}.Release|x64.ActiveCfg = Release|Any CPU
		{72E4AA34-CDE6-48CE-A802-9175CC066DEE}.Release|x64.Build.0 = Release|Any CPU
		{CC222B65-296E-4AC4-B94F-4DF26C69C180}.Debug|Any CPU.ActiveCfg = Debug|Any CPU
		{CC222B65-296E-4AC4-B94F-4DF26C69C180}.Debug|Any CPU.Build.0 = Debug|Any CPU
		{CC222B65-296E-4AC4-B94F-4DF26C69C180}.Debug|x64.ActiveCfg = Debug|Any CPU
		{CC222B65-296E-4AC4-B94F-4DF26C69C180}.Debug|x64.Build.0 = Debug|Any CPU
		{CC222B65-296E-4AC4-B94F-4DF26C69C180}.Release|Any CPU.ActiveCfg = Release|Any CPU
		{CC222B65-296E-4AC4-B94F-4DF26C69C180}.Release|Any CPU.Build.0 = Release|Any CPU
		{CC222B65-296E-4AC4-B94F-4DF26C69C180}.Release|x64.ActiveCfg = Release|Any CPU
		{CC222B65-296E-4AC4-B94F-4DF26C69C180}.Release|x64.Build.0 = Release|Any CPU
		{E7F00390-5070-4F4E-B00A-265457A90744}.Debug|Any CPU.ActiveCfg = Debug|Any CPU
		{E7F00390-5070-4F4E-B00A-265457A90744}.Debug|Any CPU.Build.0 = Debug|Any CPU
		{E7F00390-5070-4F4E-B00A-265457A90744}.Debug|x64.ActiveCfg = Debug|Any CPU
		{E7F00390-5070-4F4E-B00A-265457A90744}.Debug|x64.Build.0 = Debug|Any CPU
		{E7F00390-5070-4F4E-B00A-265457A90744}.Release|Any CPU.ActiveCfg = Release|Any CPU
		{E7F00390-5070-4F4E-B00A-265457A90744}.Release|Any CPU.Build.0 = Release|Any CPU
		{E7F00390-5070-4F4E-B00A-265457A90744}.Release|x64.ActiveCfg = Release|Any CPU
		{E7F00390-5070-4F4E-B00A-265457A90744}.Release|x64.Build.0 = Release|Any CPU
		{D76941BE-50F3-41E9-A80F-C84CE11512FA}.Debug|Any CPU.ActiveCfg = Debug|Any CPU
		{D76941BE-50F3-41E9-A80F-C84CE11512FA}.Debug|Any CPU.Build.0 = Debug|Any CPU
		{D76941BE-50F3-41E9-A80F-C84CE11512FA}.Debug|x64.ActiveCfg = Debug|Any CPU
		{D76941BE-50F3-41E9-A80F-C84CE11512FA}.Debug|x64.Build.0 = Debug|Any CPU
		{D76941BE-50F3-41E9-A80F-C84CE11512FA}.Release|Any CPU.ActiveCfg = Release|Any CPU
		{D76941BE-50F3-41E9-A80F-C84CE11512FA}.Release|Any CPU.Build.0 = Release|Any CPU
		{D76941BE-50F3-41E9-A80F-C84CE11512FA}.Release|x64.ActiveCfg = Release|Any CPU
		{D76941BE-50F3-41E9-A80F-C84CE11512FA}.Release|x64.Build.0 = Release|Any CPU
		{5250404B-4C40-4D81-82A0-5DCDD9ABFEB3}.Debug|Any CPU.ActiveCfg = Debug|Any CPU
		{5250404B-4C40-4D81-82A0-5DCDD9ABFEB3}.Debug|Any CPU.Build.0 = Debug|Any CPU
		{5250404B-4C40-4D81-82A0-5DCDD9ABFEB3}.Debug|x64.ActiveCfg = Debug|Any CPU
		{5250404B-4C40-4D81-82A0-5DCDD9ABFEB3}.Debug|x64.Build.0 = Debug|Any CPU
		{5250404B-4C40-4D81-82A0-5DCDD9ABFEB3}.Release|Any CPU.ActiveCfg = Release|Any CPU
		{5250404B-4C40-4D81-82A0-5DCDD9ABFEB3}.Release|Any CPU.Build.0 = Release|Any CPU
		{5250404B-4C40-4D81-82A0-5DCDD9ABFEB3}.Release|x64.ActiveCfg = Release|Any CPU
		{5250404B-4C40-4D81-82A0-5DCDD9ABFEB3}.Release|x64.Build.0 = Release|Any CPU
	EndGlobalSection
	GlobalSection(SolutionProperties) = preSolution
		HideSolutionNode = FALSE
	EndGlobalSection
	GlobalSection(NestedProjects) = preSolution
		{A5D2DC2E-FA4C-4F58-A5F9-3FE33335D16D} = {C8ADBD4D-972F-4F29-A4A6-4F440530D64E}
		{72E4AA34-CDE6-48CE-A802-9175CC066DEE} = {C8ADBD4D-972F-4F29-A4A6-4F440530D64E}
		{CC222B65-296E-4AC4-B94F-4DF26C69C180} = {C8ADBD4D-972F-4F29-A4A6-4F440530D64E}
		{5250404B-4C40-4D81-82A0-5DCDD9ABFEB3} = {0451417E-73A2-4D5C-81BF-4D0E213D60A7}
	EndGlobalSection
	GlobalSection(ExtensibilityGlobals) = postSolution
		        SolutionGuid = {61F7FB11-1E47-470C-91E2-47F8143E1572}
		SolutionGuid = {E97CFD95-26F1-4545-86B0-19249A57380C}
	EndGlobalSection
EndGlobal
